
Microsoft Visual Studio Solution File, Format Version 12.00
# Visual Studio Version 17
VisualStudioVersion = 17.1.32228.430
MinimumVisualStudioVersion = 10.0.40219.1
Project("{FAE04EC0-301F-11D3-BF4B-00C04F79EFBC}") = "Neo4J_WebAPI", "Neo4J_WebAPI\Neo4J_WebAPI.csproj", "{FC54D16C-6FD3-461F-AB57-A7B88FA4E24D}"
EndProject
Global
	GlobalSection(SolutionConfigurationPlatforms) = preSolution
		Debug|Any CPU = Debug|Any CPU
		Release|Any CPU = Release|Any CPU
	EndGlobalSection
	GlobalSection(ProjectConfigurationPlatforms) = postSolution
		{FC54D16C-6FD3-461F-AB57-A7B88FA4E24D}.Debug|Any CPU.ActiveCfg = Debug|Any CPU
		{FC54D16C-6FD3-461F-AB57-A7B88FA4E24D}.Debug|Any CPU.Build.0 = Debug|Any CPU
		{FC54D16C-6FD3-461F-AB57-A7B88FA4E24D}.Release|Any CPU.ActiveCfg = Release|Any CPU
		{FC54D16C-6FD3-461F-AB57-A7B88FA4E24D}.Release|Any CPU.Build.0 = Release|Any CPU
	EndGlobalSection
	GlobalSection(SolutionProperties) = preSolution
		HideSolutionNode = FALSE
	EndGlobalSection
	GlobalSection(ExtensibilityGlobals) = postSolution
		SolutionGuid = {36ED91D7-9727-4345-8075-82FCEA1C103F}
	EndGlobalSection
EndGlobal
